{
  "originHash" : "1c3ea149bf147798acd097d906bffe9147642a5a8eaf597cf3dd41ce59b7ff8f",
  "pins" : [
    {
      "identity" : "libgit2",
      "kind" : "remoteSourceControl",
      "location" : "https://github.com/ibrahimcetin/libgit2.git",
      "state" : {
        "revision" : "52287b0914f300f916b58fec80e13d8dd8f6824f",
        "version" : "1.9.2"
      }
    }
  ],
  "version" : 3
}
